
Microsoft Visual Studio Solution File, Format Version 12.00
# Visual Studio 15
VisualStudioVersion = 15.0.28307.168
MinimumVisualStudioVersion = 10.0.40219.1
Project("{2150E333-8FDC-42A3-9474-1A3956D46DE8}") = "User Interface", "User Interface", "{E676FDFC-FC3D-43FD-A61D-558BA801E6B2}"
EndProject
Project("{2150E333-8FDC-42A3-9474-1A3956D46DE8}") = "Domain", "Domain", "{4131AF39-D916-472A-9F04-7AC61C743675}"
EndProject
Project("{2150E333-8FDC-42A3-9474-1A3956D46DE8}") = "Infrastructure", "Infrastructure", "{EA4476BC-51AC-4C1A-ABD9-AE79456BE659}"
EndProject
Project("{2150E333-8FDC-42A3-9474-1A3956D46DE8}") = "Services", "Services", "{92E158C2-43D0-4F6E-8189-07D15BF974D1}"
EndProject
Project("{2150E333-8FDC-42A3-9474-1A3956D46DE8}") = "Service Interfaces", "Service Interfaces", "{30B773CB-A302-4218-A73C-4CFFEC2FB1C8}"
EndProject
Project("{9A19103F-16F7-4668-BE54-9A1E7A4F7556}") = "GSELL", "GSELL\GSELL.csproj", "{7A960A2A-90F4-4F64-8EE3-966C812DD953}"
EndProject
Project("{2150E333-8FDC-42A3-9474-1A3956D46DE8}") = "Admin", "Admin", "{57A27485-81FE-4888-AC21-71C96DE76BBA}"
EndProject
Project("{2150E333-8FDC-42A3-9474-1A3956D46DE8}") = "Admin", "Admin", "{B0618C66-A976-4B9D-8FCB-67AD14267522}"
EndProject
Project("{2150E333-8FDC-42A3-9474-1A3956D46DE8}") = "Admin", "Admin", "{60EC163D-A4A5-450A-A813-8523BF36563A}"
EndProject
Project("{9A19103F-16F7-4668-BE54-9A1E7A4F7556}") = "GSELL.Domain.Admin.Entities", "GSELL.Domain.Admin.Entities\GSELL.Domain.Admin.Entities.csproj", "{72122EB4-E1BC-48EA-865F-96442175965B}"
EndProject
Project("{9A19103F-16F7-4668-BE54-9A1E7A4F7556}") = "GSELL.Domain.Admin.Interfaces", "GSELL.Domain.Admin.Interfaces\GSELL.Domain.Admin.Interfaces.csproj", "{A7D025DD-6189-4885-A8F4-DA9E26E2626F}"
EndProject
Project("{2150E333-8FDC-42A3-9474-1A3956D46DE8}") = "Admin", "Admin", "{641087CA-F4C4-4057-BA7F-A332CC3DD3AF}"
EndProject
Project("{FAE04EC0-301F-11D3-BF4B-00C04F79EFBC}") = "GSELL.Infrastructure.Data", "GSELL.Infrastructure.Data\GSELL.Infrastructure.Data.csproj", "{52C8311F-4F1E-4D96-B94B-4670ABF5733A}"
EndProject
Project("{FAE04EC0-301F-11D3-BF4B-00C04F79EFBC}") = "GSELL.Connection", "GSELL.Connection\GSELL.Connection.csproj", "{21F2B6E1-C0F5-45E3-B331-C54B1698BDF9}"
EndProject
Project("{FAE04EC0-301F-11D3-BF4B-00C04F79EFBC}") = "GSELL.Services.Interfaces", "GSELL.Services.Interfaces\GSELL.Services.Interfaces.csproj", "{3D8B0DC4-0471-4B6F-8AEE-2B46A9731C5B}"
EndProject
Project("{FAE04EC0-301F-11D3-BF4B-00C04F79EFBC}") = "GSELL.Services", "GSELL.Services\GSELL.Services.csproj", "{84B0FE7F-7B73-44A1-AC02-A3310B01F5BE}"
EndProject
Global
	GlobalSection(SolutionConfigurationPlatforms) = preSolution
		Debug|Any CPU = Debug|Any CPU
		Release|Any CPU = Release|Any CPU
	EndGlobalSection
	GlobalSection(ProjectConfigurationPlatforms) = postSolution
		{7A960A2A-90F4-4F64-8EE3-966C812DD953}.Debug|Any CPU.ActiveCfg = Debug|Any CPU
		{7A960A2A-90F4-4F64-8EE3-966C812DD953}.Debug|Any CPU.Build.0 = Debug|Any CPU
		{7A960A2A-90F4-4F64-8EE3-966C812DD953}.Release|Any CPU.ActiveCfg = Release|Any CPU
		{7A960A2A-90F4-4F64-8EE3-966C812DD953}.Release|Any CPU.Build.0 = Release|Any CPU
		{72122EB4-E1BC-48EA-865F-96442175965B}.Debug|Any CPU.ActiveCfg = Debug|Any CPU
		{72122EB4-E1BC-48EA-865F-96442175965B}.Debug|Any CPU.Build.0 = Debug|Any CPU
		{72122EB4-E1BC-48EA-865F-96442175965B}.Release|Any CPU.ActiveCfg = Release|Any CPU
		{72122EB4-E1BC-48EA-865F-96442175965B}.Release|Any CPU.Build.0 = Release|Any CPU
		{A7D025DD-6189-4885-A8F4-DA9E26E2626F}.Debug|Any CPU.ActiveCfg = Debug|Any CPU
		{A7D025DD-6189-4885-A8F4-DA9E26E2626F}.Debug|Any CPU.Build.0 = Debug|Any CPU
		{A7D025DD-6189-4885-A8F4-DA9E26E2626F}.Release|Any CPU.ActiveCfg = Release|Any CPU
		{A7D025DD-6189-4885-A8F4-DA9E26E2626F}.Release|Any CPU.Build.0 = Release|Any CPU
		{52C8311F-4F1E-4D96-B94B-4670ABF5733A}.Debug|Any CPU.ActiveCfg = Debug|Any CPU
		{52C8311F-4F1E-4D96-B94B-4670ABF5733A}.Debug|Any CPU.Build.0 = Debug|Any CPU
		{52C8311F-4F1E-4D96-B94B-4670ABF5733A}.Release|Any CPU.ActiveCfg = Release|Any CPU
		{52C8311F-4F1E-4D96-B94B-4670ABF5733A}.Release|Any CPU.Build.0 = Release|Any CPU
		{21F2B6E1-C0F5-45E3-B331-C54B1698BDF9}.Debug|Any CPU.ActiveCfg = Debug|Any CPU
		{21F2B6E1-C0F5-45E3-B331-C54B1698BDF9}.Debug|Any CPU.Build.0 = Debug|Any CPU
		{21F2B6E1-C0F5-45E3-B331-C54B1698BDF9}.Release|Any CPU.ActiveCfg = Release|Any CPU
		{21F2B6E1-C0F5-45E3-B331-C54B1698BDF9}.Release|Any CPU.Build.0 = Release|Any CPU
		{3D8B0DC4-0471-4B6F-8AEE-2B46A9731C5B}.Debug|Any CPU.ActiveCfg = Debug|Any CPU
		{3D8B0DC4-0471-4B6F-8AEE-2B46A9731C5B}.Debug|Any CPU.Build.0 = Debug|Any CPU
		{3D8B0DC4-0471-4B6F-8AEE-2B46A9731C5B}.Release|Any CPU.ActiveCfg = Release|Any CPU
		{3D8B0DC4-0471-4B6F-8AEE-2B46A9731C5B}.Release|Any CPU.Build.0 = Release|Any CPU
		{84B0FE7F-7B73-44A1-AC02-A3310B01F5BE}.Debug|Any CPU.ActiveCfg = Debug|Any CPU
		{84B0FE7F-7B73-44A1-AC02-A3310B01F5BE}.Debug|Any CPU.Build.0 = Debug|Any CPU
		{84B0FE7F-7B73-44A1-AC02-A3310B01F5BE}.Release|Any CPU.ActiveCfg = Release|Any CPU
		{84B0FE7F-7B73-44A1-AC02-A3310B01F5BE}.Release|Any CPU.Build.0 = Release|Any CPU
	EndGlobalSection
	GlobalSection(SolutionProperties) = preSolution
		HideSolutionNode = FALSE
	EndGlobalSection
	GlobalSection(NestedProjects) = preSolution
		{7A960A2A-90F4-4F64-8EE3-966C812DD953} = {E676FDFC-FC3D-43FD-A61D-558BA801E6B2}
		{57A27485-81FE-4888-AC21-71C96DE76BBA} = {4131AF39-D916-472A-9F04-7AC61C743675}
		{B0618C66-A976-4B9D-8FCB-67AD14267522} = {EA4476BC-51AC-4C1A-ABD9-AE79456BE659}
		{60EC163D-A4A5-450A-A813-8523BF36563A} = {92E158C2-43D0-4F6E-8189-07D15BF974D1}
		{72122EB4-E1BC-48EA-865F-96442175965B} = {57A27485-81FE-4888-AC21-71C96DE76BBA}
		{A7D025DD-6189-4885-A8F4-DA9E26E2626F} = {57A27485-81FE-4888-AC21-71C96DE76BBA}
		{641087CA-F4C4-4057-BA7F-A332CC3DD3AF} = {30B773CB-A302-4218-A73C-4CFFEC2FB1C8}
		{52C8311F-4F1E-4D96-B94B-4670ABF5733A} = {B0618C66-A976-4B9D-8FCB-67AD14267522}
		{21F2B6E1-C0F5-45E3-B331-C54B1698BDF9} = {EA4476BC-51AC-4C1A-ABD9-AE79456BE659}
		{3D8B0DC4-0471-4B6F-8AEE-2B46A9731C5B} = {641087CA-F4C4-4057-BA7F-A332CC3DD3AF}
		{84B0FE7F-7B73-44A1-AC02-A3310B01F5BE} = {60EC163D-A4A5-450A-A813-8523BF36563A}
	EndGlobalSection
	GlobalSection(ExtensibilityGlobals) = postSolution
		SolutionGuid = {180DCD49-CB32-4DC2-BCA2-899FA03B91AF}
	EndGlobalSection
EndGlobal
